
Microsoft Visual Studio Solution File, Format Version 12.00
# Visual Studio Version 17
VisualStudioVersion = 17.5.33502.453
MinimumVisualStudioVersion = 10.0.40219.1
Project("{9A19103F-16F7-4668-BE54-9A1E7A4F7556}") = "ThunderBank.Main", "ThunderBank.Main\ThunderBank.Main.csproj", "{5F3E7FF3-AE3E-4BDA-BD33-DD4B5B17E272}"
EndProject
Project("{FAE04EC0-301F-11D3-BF4B-00C04F79EFBC}") = "ThunderBank.Services", "ThunderBank.Services\ThunderBank.Services.csproj", "{9231D5AA-BE87-4726-83FD-17AD27413238}"
EndProject
Project("{FAE04EC0-301F-11D3-BF4B-00C04F79EFBC}") = "ThunderBank.Models", "ThunderBank.Models\ThunderBank.Models.csproj", "{B6572702-B3A8-4ABA-9FB7-AC994C8EBB42}"
EndProject
Global
	GlobalSection(SolutionConfigurationPlatforms) = preSolution
		Debug|Any CPU = Debug|Any CPU
		Release|Any CPU = Release|Any CPU
	EndGlobalSection
	GlobalSection(ProjectConfigurationPlatforms) = postSolution
		{5F3E7FF3-AE3E-4BDA-BD33-DD4B5B17E272}.Debug|Any CPU.ActiveCfg = Debug|Any CPU
		{5F3E7FF3-AE3E-4BDA-BD33-DD4B5B17E272}.Debug|Any CPU.Build.0 = Debug|Any CPU
		{5F3E7FF3-AE3E-4BDA-BD33-DD4B5B17E272}.Release|Any CPU.ActiveCfg = Release|Any CPU
		{5F3E7FF3-AE3E-4BDA-BD33-DD4B5B17E272}.Release|Any CPU.Build.0 = Release|Any CPU
		{9231D5AA-BE87-4726-83FD-17AD27413238}.Debug|Any CPU.ActiveCfg = Debug|Any CPU
		{9231D5AA-BE87-4726-83FD-17AD27413238}.Debug|Any CPU.Build.0 = Debug|Any CPU
		{9231D5AA-BE87-4726-83FD-17AD27413238}.Release|Any CPU.ActiveCfg = Release|Any CPU
		{9231D5AA-BE87-4726-83FD-17AD27413238}.Release|Any CPU.Build.0 = Release|Any CPU
		{B6572702-B3A8-4ABA-9FB7-AC994C8EBB42}.Debug|Any CPU.ActiveCfg = Debug|Any CPU
		{B6572702-B3A8-4ABA-9FB7-AC994C8EBB42}.Debug|Any CPU.Build.0 = Debug|Any CPU
		{B6572702-B3A8-4ABA-9FB7-AC994C8EBB42}.Release|Any CPU.ActiveCfg = Release|Any CPU
		{B6572702-B3A8-4ABA-9FB7-AC994C8EBB42}.Release|Any CPU.Build.0 = Release|Any CPU
	EndGlobalSection
	GlobalSection(SolutionProperties) = preSolution
		HideSolutionNode = FALSE
	EndGlobalSection
	GlobalSection(ExtensibilityGlobals) = postSolution
		SolutionGuid = {652F9AB8-BD57-4507-ABA6-6F8D2B68CE9C}
	EndGlobalSection
EndGlobal
